
Microsoft Visual Studio Solution File, Format Version 12.00
# Visual Studio 2012
Project("{FAE04EC0-301F-11D3-BF4B-00C04F79EFBC}") = "WindowsFormsApplication1", "WindowsFormsApplication1\WindowsFormsApplication1.csproj", "{C99971D0-A6D2-4367-807C-7009148D47DF}"
EndProject
Global
	GlobalSection(SolutionConfigurationPlatforms) = preSolution
		Debug|Any CPU = Debug|Any CPU
		Release|Any CPU = Release|Any CPU
	EndGlobalSection
	GlobalSection(ProjectConfigurationPlatforms) = postSolution
		{C99971D0-A6D2-4367-807C-7009148D47DF}.Debug|Any CPU.ActiveCfg = Debug|Any CPU
		{C99971D0-A6D2-4367-807C-7009148D47DF}.Debug|Any CPU.Build.0 = Debug|Any CPU
		{C99971D0-A6D2-4367-807C-7009148D47DF}.Release|Any CPU.ActiveCfg = Release|Any CPU
		{C99971D0-A6D2-4367-807C-7009148D47DF}.Release|Any CPU.Build.0 = Release|Any CPU
	EndGlobalSection
	GlobalSection(SolutionProperties) = preSolution
		HideSolutionNode = FALSE
	EndGlobalSection
EndGlobal
